{
  "name": "codespaces-blank",
  "version": "1.0.0",
  "lockfileVersion": 3,
  "requires": true,
  "packages": {
    "": {
      "name": "codespaces-blank",
      "version": "1.0.0",
      "license": "ISC",
      "dependencies": {
        "readline": "^1.3.0"
      },
      "devDependencies": {
        "@types/node": "^20.0.0"
      }
    },
    "node_modules/@types/node": {
      "version": "20.0.0",
      "resolved": "https://registry.npmjs.org/@types/node/-/node-20.0.0.tgz",
      "integrity": "sha512-cD2uPTDnQQCVpmRefonO98/PPijuOnnEy5oytWJFPY1N9aJCz2wJ5kSGWO+zJoed2cY2JxQh6yBuUq4vIn61hw==",
      "dev": true
    },
    "node_modules/readline": {
      "version": "1.3.0",
      "resolved": "https://registry.npmjs.org/readline/-/readline-1.3.0.tgz",
      "integrity": "sha512-k2d6ACCkiNYz222Fs/iNze30rRJ1iIicW7JuX/7/cozvih6YCkFZH+J6mAFDVgv0dRBaAyr4jDqC95R2y4IADg=="
    }
  }
}
